// !$*UTF8*$!
{
	archiveVersion = 1;
	classes = {
	};
	objectVersion = 46;
	objects = {

/* Begin PBXBuildFile section */
		499EA46F1C5EE00600734ACF /* AppDelegate.swift in Sources */ = {isa = PBXBuildFile; fileRef = 499EA46E1C5EE00600734ACF /* AppDelegate.swift */; };
		499EA4711C5EE00600734ACF /* ViewController.swift in Sources */ = {isa = PBXBuildFile; fileRef = 499EA4701C5EE00600734ACF /* ViewController.swift */; };
		499EA4741C5EE00600734ACF /* Main.storyboard in Resources */ = {isa = PBXBuildFile; fileRef = 499EA4721C5EE00600734ACF /* Main.storyboard */; };
		499EA4761C5EE00600734ACF /* Assets.xcassets in Resources */ = {isa = PBXBuildFile; fileRef = 499EA4751C5EE00600734ACF /* Assets.xcassets */; };
		499EA4791C5EE00600734ACF /* LaunchScreen.storyboard in Resources */ = {isa = PBXBuildFile; fileRef = 499EA4771C5EE00600734ACF /* LaunchScreen.storyboard */; };
		499EA4811C5EE0FD00734ACF /* ElasticFlowLayout.swift in Sources */ = {isa = PBXBuildFile; fileRef = 499EA4801C5EE0FD00734ACF /* ElasticFlowLayout.swift */; };
		499EA4831C5EF1F800734ACF /* CustomCollectionViewCell.swift in Sources */ = {isa = PBXBuildFile; fileRef = 499EA4821C5EF1F800734ACF /* CustomCollectionViewCell.swift */; };
/* End PBXBuildFile section */

/* Begin PBXFileReference section */
		499EA46B1C5EE00600734ACF /* ElasticList.app */ = {isa = PBXFileReference; explicitFileType = wrapper.application; includeInIndex = 0; path = ElasticList.app; sourceTree = BUILT_PRODUCTS_DIR; };
		499EA46E1C5EE00600734ACF /* AppDelegate.swift */ = {isa = PBXFileReference; lastKnownFileType = sourcecode.swift; path = AppDelegate.swift; sourceTree = "<group>"; };
		499EA4701C5EE00600734ACF /* ViewController.swift */ = {isa = PBXFileReference; lastKnownFileType = sourcecode.swift; path = ViewController.swift; sourceTree = "<group>"; };
		499EA4731C5EE00600734ACF /* Base */ = {isa = PBXFileReference; lastKnownFileType = file.storyboard; name = Base; path = Base.lproj/Main.storyboard; sourceTree = "<group>"; };
		499EA4751C5EE00600734ACF /* Assets.xcassets */ = {isa = PBXFileReference; lastKnownFileType = folder.assetcatalog; path = Assets.xcassets; sourceTree = "<group>"; };
		499EA4781C5EE00600734ACF /* Base */ = {isa = PBXFileReference; lastKnownFileType = file.storyboard; name = Base; path = Base.lproj/LaunchScreen.storyboard; sourceTree = "<group>"; };
		499EA47A1C5EE00600734ACF /* Info.plist */ = {isa = PBXFileReference; lastKnownFileType = text.plist.xml; path = Info.plist; sourceTree = "<group>"; };
		499EA4801C5EE0FD00734ACF /* ElasticFlowLayout.swift */ = {isa = PBXFileReference; fileEncoding = 4; lastKnownFileType = sourcecode.swift; path = ElasticFlowLayout.swift; sourceTree = "<group>"; };
		499EA4821C5EF1F800734ACF /* CustomCollectionViewCell.swift */ = {isa = PBXFileReference; fileEncoding = 4; lastKnownFileType = sourcecode.swift; path = CustomCollectionViewCell.swift; sourceTree = "<group>"; };
/* End PBXFileReference section */

/* Begin PBXFrameworksBuildPhase section */
		499EA4681C5EE00600734ACF /* Frameworks */ = {
			isa = PBXFrameworksBuildPhase;
			buildActionMask = 2147483647;
			files = (
			);
			runOnlyForDeploymentPostprocessing = 0;
		};
/* End PBXFrameworksBuildPhase section */

/* Begin PBXGroup section */
		499EA4621C5EE00600734ACF = {
			isa = PBXGroup;
			children = (
				499EA46D1C5EE00600734ACF /* ElasticList */,
				499EA46C1C5EE00600734ACF /* Products */,
			);
			sourceTree = "<group>";
		};
		499EA46C1C5EE00600734ACF /* Products */ = {
			isa = PBXGroup;
			children = (
				499EA46B1C5EE00600734ACF /* ElasticList.app */,
			);
			name = Products;
			sourceTree = "<group>";
		};
		499EA46D1C5EE00600734ACF /* ElasticList */ = {
			isa = PBXGroup;
			children = (
				499EA46E1C5EE00600734ACF /* AppDelegate.swift */,
				499EA4821C5EF1F800734ACF /* CustomCollectionViewCell.swift */,
				499EA4801C5EE0FD00734ACF /* ElasticFlowLayout.swift */,
				499EA4701C5EE00600734ACF /* ViewController.swift */,
				499EA4721C5EE00600734ACF /* Main.storyboard */,
				499EA4751C5EE00600734ACF /* Assets.xcassets */,
				499EA4771C5EE00600734ACF /* LaunchScreen.storyboard */,
				499EA47A1C5EE00600734ACF /* Info.plist */,
			);
			path = ElasticList;
			sourceTree = "<group>";
		};
/* End PBXGroup section */

/* Begin PBXNativeTarget section */
		499EA46A1C5EE00600734ACF /* ElasticList */ = {
			isa = PBXNativeTarget;
			buildConfigurationList = 499EA47D1C5EE00600734ACF /* Build configuration list for PBXNativeTarget "ElasticList" */;
			buildPhases = (
				499EA4671C5EE00600734ACF /* Sources */,
				499EA4681C5EE00600734ACF /* Frameworks */,
				499EA4691C5EE00600734ACF /* Resources */,
			);
			buildRules = (
			);
			dependencies = (
			);
			name = ElasticList;
			productName = ElasticList;
			productReference = 499EA46B1C5EE00600734ACF /* ElasticList.app */;
			productType = "com.apple.product-type.application";
		};
/* End PBXNativeTarget section */

/* Begin PBXProject section */
		499EA4631C5EE00600734ACF /* Project object */ = {
			isa = PBXProject;
			attributes = {
				LastSwiftUpdateCheck = 0720;
				LastUpgradeCheck = 0720;
				ORGANIZATIONNAME = "Sergio Cirasa";
				TargetAttributes = {
					499EA46A1C5EE00600734ACF = {
						CreatedOnToolsVersion = 7.2;
					};
				};
			};
			buildConfigurationList = 499EA4661C5EE00600734ACF /* Build configuration list for PBXProject "ElasticList" */;
			compatibilityVersion = "Xcode 3.2";
			developmentRegion = English;
			hasScannedForEncodings = 0;
			knownRegions = (
				en,
				Base,
			);
			mainGroup = 499EA4621C5EE00600734ACF;
			productRefGroup = 499EA46C1C5EE00600734ACF /* Products */;
			projectDirPath = "";
			projectRoot = "";
			targets = (
				499EA46A1C5EE00600734ACF /* ElasticList */,
			);
		};
/* End PBXProject section */

/* Begin PBXResourcesBuildPhase section */
		499EA4691C5EE00600734ACF /* Resources */ = {
			isa = PBXResourcesBuildPhase;
			buildActionMask = 2147483647;
			files = (
				499EA4791C5EE00600734ACF /* LaunchScreen.storyboard in Resources */,
				499EA4761C5EE00600734ACF /* Assets.xcassets in Resources */,
				499EA4741C5EE00600734ACF /* Main.storyboard in Resources */,
			);
			runOnlyForDeploymentPostprocessing = 0;
		};
/* End PBXResourcesBuildPhase section */

/* Begin PBXSourcesBuildPhase section */
		499EA4671C5EE00600734ACF /* Sources */ = {
			isa = PBXSourcesBuildPhase;
			buildActionMask = 2147483647;
			files = (
				499EA4711C5EE00600734ACF /* ViewController.swift in Sources */,
				499EA4811C5EE0FD00734ACF /* ElasticFlowLayout.swift in Sources */,
				499EA46F1C5EE00600734ACF /* AppDelegate.swift in Sources */,
				499EA4831C5EF1F800734ACF /* CustomCollectionViewCell.swift in Sources */,
			);
			runOnlyForDeploymentPostprocessing = 0;
		};
/* End PBXSourcesBuildPhase section */

/* Begin PBXVariantGroup section */
		499EA4721C5EE00600734ACF /* Main.storyboard */ = {
			isa = PBXVariantGroup;
			children = (
				499EA4731C5EE00600734ACF /* Base */,
			);
			name = Main.storyboard;
			sourceTree = "<group>";
		};
		499EA4771C5EE00600734ACF /* LaunchScreen.storyboard */ = {
			isa = PBXVariantGroup;
			children = (
				499EA4781C5EE00600734ACF /* Base */,
			);
			name = LaunchScreen.storyboard;
			sourceTree = "<group>";
		};
/* End PBXVariantGroup section */

/* Begin XCBuildConfiguration section */
		499EA47B1C5EE00600734ACF /* Debug */ = {
			isa = XCBuildConfiguration;
			buildSettings = {
				ALWAYS_SEARCH_USER_PATHS = NO;
				CLANG_CXX_LANGUAGE_STANDARD = "gnu++0x";
				CLANG_CXX_LIBRARY = "libc++";
				CLANG_ENABLE_MODULES = YES;
				CLANG_ENABLE_OBJC_ARC = YES;
				CLANG_WARN_BOOL_CONVERSION = YES;
				CLANG_WARN_CONSTANT_CONVERSION = YES;
				CLANG_WARN_DIRECT_OBJC_ISA_USAGE = YES_ERROR;
				CLANG_WARN_EMPTY_BODY = YES;
				CLANG_WARN_ENUM_CONVERSION = YES;
				CLANG_WARN_INT_CONVERSION = YES;
				CLANG_WARN_OBJC_ROOT_CLASS = YES_ERROR;
				CLANG_WARN_UNREACHABLE_CODE = YES;
				CLANG_WARN__DUPLICATE_METHOD_MATCH = YES;
				"CODE_SIGN_IDENTITY[sdk=iphoneos*]" = "iPhone Developer";
				COPY_PHASE_STRIP = NO;
				DEBUG_INFORMATION_FORMAT = dwarf;
				ENABLE_STRICT_OBJC_MSGSEND = YES;
				ENABLE_TESTABILITY = YES;
				GCC_C_LANGUAGE_STANDARD = gnu99;
				GCC_DYNAMIC_NO_PIC = NO;
				GCC_NO_COMMON_BLOCKS = YES;
				GCC_OPTIMIZATION_LEVEL = 0;
				GCC_PREPROCESSOR_DEFINITIONS = (
					"DEBUG=1",
					"$(inherited)",
				);
				GCC_WARN_64_TO_32_BIT_CONVERSION = YES;
				GCC_WARN_ABOUT_RETURN_TYPE = YES_ERROR;
				GCC_WARN_UNDECLARED_SELECTOR = YES;
				GCC_WARN_UNINITIALIZED_AUTOS = YES_AGGRESSIVE;
				GCC_WARN_UNUSED_FUNCTION = YES;
				GCC_WARN_UNUSED_VARIABLE = YES;
				IPHONEOS_DEPLOYMENT_TARGET = 9.2;
				MTL_ENABLE_DEBUG_INFO = YES;
				ONLY_ACTIVE_ARCH = YES;
				SDKROOT = iphoneos;
				SWIFT_OPTIMIZATION_LEVEL = "-Onone";
			};
			name = Debug;
		};
		499EA47C1C5EE00600734ACF /* Release */ = {
			isa = XCBuildConfiguration;
			buildSettings = {
				ALWAYS_SEARCH_USER_PATHS = NO;
				CLANG_CXX_LANGUAGE_STANDARD = "gnu++0x";
				CLANG_CXX_LIBRARY = "libc++";
				CLANG_ENABLE_MODULES = YES;
				CLANG_ENABLE_OBJC_ARC = YES;
				CLANG_WARN_BOOL_CONVERSION = YES;
				CLANG_WARN_CONSTANT_CONVERSION = YES;
				CLANG_WARN_DIRECT_OBJC_ISA_USAGE = YES_ERROR;
				CLANG_WARN_EMPTY_BODY = YES;
				CLANG_WARN_ENUM_CONVERSION = YES;
				CLANG_WARN_INT_CONVERSION = YES;
				CLANG_WARN_OBJC_ROOT_CLASS = YES_ERROR;
				CLANG_WARN_UNREACHABLE_CODE = YES;
				CLANG_WARN__DUPLICATE_METHOD_MATCH = YES;
				"CODE_SIGN_IDENTITY[sdk=iphoneos*]" = "iPhone Developer";
				COPY_PHASE_STRIP = NO;
				DEBUG_INFORMATION_FORMAT = "dwarf-with-dsym";
				ENABLE_NS_ASSERTIONS = NO;
				ENABLE_STRICT_OBJC_MSGSEND = YES;
				GCC_C_LANGUAGE_STANDARD = gnu99;
				GCC_NO_COMMON_BLOCKS = YES;
				GCC_WARN_64_TO_32_BIT_CONVERSION = YES;
				GCC_WARN_ABOUT_RETURN_TYPE = YES_ERROR;
				GCC_WARN_UNDECLARED_SELECTOR = YES;
				GCC_WARN_UNINITIALIZED_AUTOS = YES_AGGRESSIVE;
				GCC_WARN_UNUSED_FUNCTION = YES;
				GCC_WARN_UNUSED_VARIABLE = YES;
				IPHONEOS_DEPLOYMENT_TARGET = 9.2;
				MTL_ENABLE_DEBUG_INFO = NO;
				SDKROOT = iphoneos;
				VALIDATE_PRODUCT = YES;
			};
			name = Release;
		};
		499EA47E1C5EE00600734ACF /* Debug */ = {
			isa = XCBuildConfiguration;
			buildSettings = {
				ASSETCATALOG_COMPILER_APPICON_NAME = AppIcon;
				INFOPLIST_FILE = ElasticList/Info.plist;
				LD_RUNPATH_SEARCH_PATHS = "$(inherited) @executable_path/Frameworks";
				PRODUCT_BUNDLE_IDENTIFIER = com.sergiocirasa.ElasticList;
				PRODUCT_NAME = "$(TARGET_NAME)";
			};
			name = Debug;
		};
		499EA47F1C5EE00600734ACF /* Release */ = {
			isa = XCBuildConfiguration;
			buildSettings = {
				ASSETCATALOG_COMPILER_APPICON_NAME = AppIcon;
				INFOPLIST_FILE = ElasticList/Info.plist;
				LD_RUNPATH_SEARCH_PATHS = "$(inherited) @executable_path/Frameworks";
				PRODUCT_BUNDLE_IDENTIFIER = com.sergiocirasa.ElasticList;
				PRODUCT_NAME = "$(TARGET_NAME)";
			};
			name = Release;
		};
/* End XCBuildConfiguration section */

/* Begin XCConfigurationList section */
		499EA4661C5EE00600734ACF /* Build configuration list for PBXProject "ElasticList" */ = {
			isa = XCConfigurationList;
			buildConfigurations = (
				499EA47B1C5EE00600734ACF /* Debug */,
				499EA47C1C5EE00600734ACF /* Release */,
			);
			defaultConfigurationIsVisible = 0;
			defaultConfigurationName = Release;
		};
		499EA47D1C5EE00600734ACF /* Build configuration list for PBXNativeTarget "ElasticList" */ = {
			isa = XCConfigurationList;
			buildConfigurations = (
				499EA47E1C5EE00600734ACF /* Debug */,
				499EA47F1C5EE00600734ACF /* Release */,
			);
			defaultConfigurationIsVisible = 0;
		};
/* End XCConfigurationList section */
	};
	rootObject = 499EA4631C5EE00600734ACF /* Project object */;
}
